{
  "lockfile_version": "1",
  "packages": {
    "github:NixOS/nixpkgs/nixpkgs-unstable": {
      "resolved": "github:NixOS/nixpkgs/b1b43d32be000928cc71250ed77f4a0a5f2bc23a?lastModified=1739698114&narHash=sha256-8S9n69Dnpg8DhfFlP0YvMGmSOY2X4kImGSPWXYNpaHM%3D"
    },
    "kind@latest": {
      "last_modified": "2025-01-19T08:16:51Z",
      "resolved": "github:NixOS/nixpkgs/50165c4f7eb48ce82bd063e1fb8047a0f515f8ce#kind",
      "source": "devbox-search",
      "version": "0.26.0",
      "systems": {
        "aarch64-darwin": {
          "outputs": [
            {
              "name": "out",
              "path": "/nix/store/4j12j5zijvbcyafx85a2qh8jkv4m6lnz-kind-0.26.0",
              "default": true
            }
          ],
          "store_path": "/nix/store/4j12j5zijvbcyafx85a2qh8jkv4m6lnz-kind-0.26.0"
        },
        "aarch64-linux": {
          "outputs": [
            {
              "name": "out",
              "path": "/nix/store/gkpan5sh4kmbxknrf79p9ssd1j024ydb-kind-0.26.0",
              "default": true
            }
          ],
          "store_path": "/nix/store/gkpan5sh4kmbxknrf79p9ssd1j024ydb-kind-0.26.0"
        },
        "x86_64-darwin": {
          "outputs": [
            {
              "name": "out",
              "path": "/nix/store/2vsw8jyi2n4sm74sk1kbff6hq5v8nz6i-kind-0.26.0",
              "default": true
            }
          ],
          "store_path": "/nix/store/2vsw8jyi2n4sm74sk1kbff6hq5v8nz6i-kind-0.26.0"
        },
        "x86_64-linux": {
          "outputs": [
            {
              "name": "out",
              "path": "/nix/store/hp80rb9dpsk2wj5db2zngh5b8hrgwy4k-kind-0.26.0",
              "default": true
            }
          ],
          "store_path": "/nix/store/hp80rb9dpsk2wj5db2zngh5b8hrgwy4k-kind-0.26.0"
        }
      }
    },
    "kubectl@latest": {
      "last_modified": "2025-02-07T11:26:36Z",
      "resolved": "github:NixOS/nixpkgs/d98abf5cf5914e5e4e9d57205e3af55ca90ffc1d#kubectl",
      "source": "devbox-search",
      "version": "1.32.1",
      "systems": {
        "aarch64-darwin": {
          "outputs": [
            {
              "name": "out",
              "path": "/nix/store/18441nqn0dahiwn1rvwilqvrqwqvvknz-kubectl-1.32.1",
              "default": true
            },
            {
              "name": "man",
              "path": "/nix/store/7aqhrqy27487ph8gcqwl92lpn48zczlm-kubectl-1.32.1-man",
              "default": true
            },
            {
              "name": "convert",
              "path": "/nix/store/4ahm5rn4f326izlh8nh6zfcf066r0jp9-kubectl-1.32.1-convert"
            }
          ],
          "store_path": "/nix/store/18441nqn0dahiwn1rvwilqvrqwqvvknz-kubectl-1.32.1"
        },
        "aarch64-linux": {
          "outputs": [
            {
              "name": "out",
              "path": "/nix/store/jylypnz6nddbqf85glbyhpmjsbgmlayj-kubectl-1.32.1",
              "default": true
            },
            {
              "name": "man",
              "path": "/nix/store/0f95qz0ynbilx8h0z350in0d8kc9aj1m-kubectl-1.32.1-man",
              "default": true
            },
            {
              "name": "convert",
              "path": "/nix/store/y9kx67c1h6sjr3l4vp7j200v640h32kr-kubectl-1.32.1-convert"
            }
          ],
          "store_path": "/nix/store/jylypnz6nddbqf85glbyhpmjsbgmlayj-kubectl-1.32.1"
        },
        "x86_64-darwin": {
          "outputs": [
            {
              "name": "out",
              "path": "/nix/store/c4ha370mr37kzmr5d3k3x2f7ln51r9fz-kubectl-1.32.1",
              "default": true
            },
            {
              "name": "man",
              "path": "/nix/store/5p29mlkb5ywfn2znwb3pxbyr187585yy-kubectl-1.32.1-man",
              "default": true
            },
            {
              "name": "convert",
              "path": "/nix/store/83qij5g1wkrrwzjn1cwnkd342ifzw97x-kubectl-1.32.1-convert"
            }
          ],
          "store_path": "/nix/store/c4ha370mr37kzmr5d3k3x2f7ln51r9fz-kubectl-1.32.1"
        },
        "x86_64-linux": {
          "outputs": [
            {
              "name": "out",
              "path": "/nix/store/zph6v36yrnyixil25mnysr82i933kx6i-kubectl-1.32.1",
              "default": true
            },
            {
              "name": "man",
              "path": "/nix/store/q843mipr11308vvvp7465yc7y4k5mg06-kubectl-1.32.1-man",
              "default": true
            },
            {
              "name": "convert",
              "path": "/nix/store/y3l02a82n3zzzdipccb1xpdw3yz68cb0-kubectl-1.32.1-convert"
            }
          ],
          "store_path": "/nix/store/zph6v36yrnyixil25mnysr82i933kx6i-kubectl-1.32.1"
        }
      }
    }
  }
}
